
Microsoft Visual Studio Solution File, Format Version 12.00
# Visual Studio Version 17
VisualStudioVersion = 17.3.32922.545
MinimumVisualStudioVersion = 10.0.40219.1
Project("{8BC9CEB8-8B4A-11D0-8D11-00A0C91BC942}") = "CG", "CG\CG.vcxproj", "{8FC98463-672C-43A1-9709-8C186F2F71FE}"
EndProject
Global
	GlobalSection(SolutionConfigurationPlatforms) = preSolution
		Debug|x64 = Debug|x64
		Debug|x86 = Debug|x86
		Release|x64 = Release|x64
		Release|x86 = Release|x86
	EndGlobalSection
	GlobalSection(ProjectConfigurationPlatforms) = postSolution
		{8FC98463-672C-43A1-9709-8C186F2F71FE}.Debug|x64.ActiveCfg = Debug|x64
		{8FC98463-672C-43A1-9709-8C186F2F71FE}.Debug|x64.Build.0 = Debug|x64
		{8FC98463-672C-43A1-9709-8C186F2F71FE}.Debug|x86.ActiveCfg = Debug|Win32
		{8FC98463-672C-43A1-9709-8C186F2F71FE}.Debug|x86.Build.0 = Debug|Win32
		{8FC98463-672C-43A1-9709-8C186F2F71FE}.Release|x64.ActiveCfg = Release|x64
		{8FC98463-672C-43A1-9709-8C186F2F71FE}.Release|x64.Build.0 = Release|x64
		{8FC98463-672C-43A1-9709-8C186F2F71FE}.Release|x86.ActiveCfg = Release|Win32
		{8FC98463-672C-43A1-9709-8C186F2F71FE}.Release|x86.Build.0 = Release|Win32
	EndGlobalSection
	GlobalSection(SolutionProperties) = preSolution
		HideSolutionNode = FALSE
	EndGlobalSection
	GlobalSection(ExtensibilityGlobals) = postSolution
		SolutionGuid = {CBC92B41-8633-4506-B591-CABC0B2E32EB}
	EndGlobalSection
EndGlobal
